// !$*UTF8*$!
{
	archiveVersion = 1;
	classes = {
	};
	objectVersion = 46;
	objects = {

/* Begin PBXBuildFile section */
		F0747BE11EC9767B00352737 /* main.m in Sources */ = {isa = PBXBuildFile; fileRef = F0747BE01EC9767B00352737 /* main.m */; };
		F0747BE41EC9767B00352737 /* AppDelegate.m in Sources */ = {isa = PBXBuildFile; fileRef = F0747BE31EC9767B00352737 /* AppDelegate.m */; };
		F0747BE71EC9767B00352737 /* ViewController.m in Sources */ = {isa = PBXBuildFile; fileRef = F0747BE61EC9767B00352737 /* ViewController.m */; };
		F0747BEA1EC9767B00352737 /* Main.storyboard in Resources */ = {isa = PBXBuildFile; fileRef = F0747BE81EC9767B00352737 /* Main.storyboard */; };
		F0747BEC1EC9767B00352737 /* Assets.xcassets in Resources */ = {isa = PBXBuildFile; fileRef = F0747BEB1EC9767B00352737 /* Assets.xcassets */; };
		F0747BEF1EC9767B00352737 /* LaunchScreen.storyboard in Resources */ = {isa = PBXBuildFile; fileRef = F0747BED1EC9767B00352737 /* LaunchScreen.storyboard */; };
		F0747BFA1EC9767B00352737 /* InchAppTests.m in Sources */ = {isa = PBXBuildFile; fileRef = F0747BF91EC9767B00352737 /* InchAppTests.m */; };
		F0747C051EC9767B00352737 /* InchAppUITests.m in Sources */ = {isa = PBXBuildFile; fileRef = F0747C041EC9767B00352737 /* InchAppUITests.m */; };
		F08A3CD21ECA95F6005284B7 /* DevListViewController.m in Sources */ = {isa = PBXBuildFile; fileRef = F08A3CD11ECA95F6005284B7 /* DevListViewController.m */; };
		F08A3CD51ECACE73005284B7 /* BleUnconectViewController.m in Sources */ = {isa = PBXBuildFile; fileRef = F08A3CD41ECACE73005284B7 /* BleUnconectViewController.m */; };
/* End PBXBuildFile section */

/* Begin PBXContainerItemProxy section */
		F0747BF61EC9767B00352737 /* PBXContainerItemProxy */ = {
			isa = PBXContainerItemProxy;
			containerPortal = F0747BD41EC9767A00352737 /* Project object */;
			proxyType = 1;
			remoteGlobalIDString = F0747BDB1EC9767A00352737;
			remoteInfo = InchApp;
		};
		F0747C011EC9767B00352737 /* PBXContainerItemProxy */ = {
			isa = PBXContainerItemProxy;
			containerPortal = F0747BD41EC9767A00352737 /* Project object */;
			proxyType = 1;
			remoteGlobalIDString = F0747BDB1EC9767A00352737;
			remoteInfo = InchApp;
		};
/* End PBXContainerItemProxy section */

/* Begin PBXFileReference section */
		F0747BDC1EC9767A00352737 /* InchApp.app */ = {isa = PBXFileReference; explicitFileType = wrapper.application; includeInIndex = 0; path = InchApp.app; sourceTree = BUILT_PRODUCTS_DIR; };
		F0747BE01EC9767B00352737 /* main.m */ = {isa = PBXFileReference; lastKnownFileType = sourcecode.c.objc; path = main.m; sourceTree = "<group>"; };
		F0747BE21EC9767B00352737 /* AppDelegate.h */ = {isa = PBXFileReference; lastKnownFileType = sourcecode.c.h; path = AppDelegate.h; sourceTree = "<group>"; };
		F0747BE31EC9767B00352737 /* AppDelegate.m */ = {isa = PBXFileReference; lastKnownFileType = sourcecode.c.objc; path = AppDelegate.m; sourceTree = "<group>"; };
		F0747BE51EC9767B00352737 /* ViewController.h */ = {isa = PBXFileReference; lastKnownFileType = sourcecode.c.h; path = ViewController.h; sourceTree = "<group>"; };
		F0747BE61EC9767B00352737 /* ViewController.m */ = {isa = PBXFileReference; lastKnownFileType = sourcecode.c.objc; path = ViewController.m; sourceTree = "<group>"; };
		F0747BE91EC9767B00352737 /* Base */ = {isa = PBXFileReference; lastKnownFileType = file.storyboard; name = Base; path = Base.lproj/Main.storyboard; sourceTree = "<group>"; };
		F0747BEB1EC9767B00352737 /* Assets.xcassets */ = {isa = PBXFileReference; lastKnownFileType = folder.assetcatalog; path = Assets.xcassets; sourceTree = "<group>"; };
		F0747BEE1EC9767B00352737 /* Base */ = {isa = PBXFileReference; lastKnownFileType = file.storyboard; name = Base; path = Base.lproj/LaunchScreen.storyboard; sourceTree = "<group>"; };
		F0747BF01EC9767B00352737 /* Info.plist */ = {isa = PBXFileReference; lastKnownFileType = text.plist.xml; path = Info.plist; sourceTree = "<group>"; };
		F0747BF51EC9767B00352737 /* InchAppTests.xctest */ = {isa = PBXFileReference; explicitFileType = wrapper.cfbundle; includeInIndex = 0; path = InchAppTests.xctest; sourceTree = BUILT_PRODUCTS_DIR; };
		F0747BF91EC9767B00352737 /* InchAppTests.m */ = {isa = PBXFileReference; lastKnownFileType = sourcecode.c.objc; path = InchAppTests.m; sourceTree = "<group>"; };
		F0747BFB1EC9767B00352737 /* Info.plist */ = {isa = PBXFileReference; lastKnownFileType = text.plist.xml; path = Info.plist; sourceTree = "<group>"; };
		F0747C001EC9767B00352737 /* InchAppUITests.xctest */ = {isa = PBXFileReference; explicitFileType = wrapper.cfbundle; includeInIndex = 0; path = InchAppUITests.xctest; sourceTree = BUILT_PRODUCTS_DIR; };
		F0747C041EC9767B00352737 /* InchAppUITests.m */ = {isa = PBXFileReference; lastKnownFileType = sourcecode.c.objc; path = InchAppUITests.m; sourceTree = "<group>"; };
		F0747C061EC9767B00352737 /* Info.plist */ = {isa = PBXFileReference; lastKnownFileType = text.plist.xml; path = Info.plist; sourceTree = "<group>"; };
		F08A3CD01ECA95F6005284B7 /* DevListViewController.h */ = {isa = PBXFileReference; fileEncoding = 4; lastKnownFileType = sourcecode.c.h; path = DevListViewController.h; sourceTree = "<group>"; };
		F08A3CD11ECA95F6005284B7 /* DevListViewController.m */ = {isa = PBXFileReference; fileEncoding = 4; lastKnownFileType = sourcecode.c.objc; path = DevListViewController.m; sourceTree = "<group>"; };
		F08A3CD31ECACE73005284B7 /* BleUnconectViewController.h */ = {isa = PBXFileReference; fileEncoding = 4; lastKnownFileType = sourcecode.c.h; path = BleUnconectViewController.h; sourceTree = "<group>"; };
		F08A3CD41ECACE73005284B7 /* BleUnconectViewController.m */ = {isa = PBXFileReference; fileEncoding = 4; lastKnownFileType = sourcecode.c.objc; path = BleUnconectViewController.m; sourceTree = "<group>"; };
/* End PBXFileReference section */

/* Begin PBXFrameworksBuildPhase section */
		F0747BD91EC9767A00352737 /* Frameworks */ = {
			isa = PBXFrameworksBuildPhase;
			buildActionMask = 2147483647;
			files = (
			);
			runOnlyForDeploymentPostprocessing = 0;
		};
		F0747BF21EC9767B00352737 /* Frameworks */ = {
			isa = PBXFrameworksBuildPhase;
			buildActionMask = 2147483647;
			files = (
			);
			runOnlyForDeploymentPostprocessing = 0;
		};
		F0747BFD1EC9767B00352737 /* Frameworks */ = {
			isa = PBXFrameworksBuildPhase;
			buildActionMask = 2147483647;
			files = (
			);
			runOnlyForDeploymentPostprocessing = 0;
		};
/* End PBXFrameworksBuildPhase section */

/* Begin PBXGroup section */
		F0747BD31EC9767A00352737 = {
			isa = PBXGroup;
			children = (
				F0747BDE1EC9767A00352737 /* InchApp */,
				F0747BF81EC9767B00352737 /* InchAppTests */,
				F0747C031EC9767B00352737 /* InchAppUITests */,
				F0747BDD1EC9767A00352737 /* Products */,
			);
			sourceTree = "<group>";
		};
		F0747BDD1EC9767A00352737 /* Products */ = {
			isa = PBXGroup;
			children = (
				F0747BDC1EC9767A00352737 /* InchApp.app */,
				F0747BF51EC9767B00352737 /* InchAppTests.xctest */,
				F0747C001EC9767B00352737 /* InchAppUITests.xctest */,
			);
			name = Products;
			sourceTree = "<group>";
		};
		F0747BDE1EC9767A00352737 /* InchApp */ = {
			isa = PBXGroup;
			children = (
				F0747BE21EC9767B00352737 /* AppDelegate.h */,
				F0747BE31EC9767B00352737 /* AppDelegate.m */,
				F0747BE51EC9767B00352737 /* ViewController.h */,
				F0747BE61EC9767B00352737 /* ViewController.m */,
				F08A3CD31ECACE73005284B7 /* BleUnconectViewController.h */,
				F08A3CD41ECACE73005284B7 /* BleUnconectViewController.m */,
				F08A3CD01ECA95F6005284B7 /* DevListViewController.h */,
				F08A3CD11ECA95F6005284B7 /* DevListViewController.m */,
				F0747BE81EC9767B00352737 /* Main.storyboard */,
				F0747BEB1EC9767B00352737 /* Assets.xcassets */,
				F0747BED1EC9767B00352737 /* LaunchScreen.storyboard */,
				F0747BF01EC9767B00352737 /* Info.plist */,
				F0747BDF1EC9767A00352737 /* Supporting Files */,
			);
			path = InchApp;
			sourceTree = "<group>";
		};
		F0747BDF1EC9767A00352737 /* Supporting Files */ = {
			isa = PBXGroup;
			children = (
				F0747BE01EC9767B00352737 /* main.m */,
			);
			name = "Supporting Files";
			sourceTree = "<group>";
		};
		F0747BF81EC9767B00352737 /* InchAppTests */ = {
			isa = PBXGroup;
			children = (
				F0747BF91EC9767B00352737 /* InchAppTests.m */,
				F0747BFB1EC9767B00352737 /* Info.plist */,
			);
			path = InchAppTests;
			sourceTree = "<group>";
		};
		F0747C031EC9767B00352737 /* InchAppUITests */ = {
			isa = PBXGroup;
			children = (
				F0747C041EC9767B00352737 /* InchAppUITests.m */,
				F0747C061EC9767B00352737 /* Info.plist */,
			);
			path = InchAppUITests;
			sourceTree = "<group>";
		};
/* End PBXGroup section */

/* Begin PBXNativeTarget section */
		F0747BDB1EC9767A00352737 /* InchApp */ = {
			isa = PBXNativeTarget;
			buildConfigurationList = F0747C091EC9767B00352737 /* Build configuration list for PBXNativeTarget "InchApp" */;
			buildPhases = (
				F0747BD81EC9767A00352737 /* Sources */,
				F0747BD91EC9767A00352737 /* Frameworks */,
				F0747BDA1EC9767A00352737 /* Resources */,
			);
			buildRules = (
			);
			dependencies = (
			);
			name = InchApp;
			productName = InchApp;
			productReference = F0747BDC1EC9767A00352737 /* InchApp.app */;
			productType = "com.apple.product-type.application";
		};
		F0747BF41EC9767B00352737 /* InchAppTests */ = {
			isa = PBXNativeTarget;
			buildConfigurationList = F0747C0C1EC9767B00352737 /* Build configuration list for PBXNativeTarget "InchAppTests" */;
			buildPhases = (
				F0747BF11EC9767B00352737 /* Sources */,
				F0747BF21EC9767B00352737 /* Frameworks */,
				F0747BF31EC9767B00352737 /* Resources */,
			);
			buildRules = (
			);
			dependencies = (
				F0747BF71EC9767B00352737 /* PBXTargetDependency */,
			);
			name = InchAppTests;
			productName = InchAppTests;
			productReference = F0747BF51EC9767B00352737 /* InchAppTests.xctest */;
			productType = "com.apple.product-type.bundle.unit-test";
		};
		F0747BFF1EC9767B00352737 /* InchAppUITests */ = {
			isa = PBXNativeTarget;
			buildConfigurationList = F0747C0F1EC9767B00352737 /* Build configuration list for PBXNativeTarget "InchAppUITests" */;
			buildPhases = (
				F0747BFC1EC9767B00352737 /* Sources */,
				F0747BFD1EC9767B00352737 /* Frameworks */,
				F0747BFE1EC9767B00352737 /* Resources */,
			);
			buildRules = (
			);
			dependencies = (
				F0747C021EC9767B00352737 /* PBXTargetDependency */,
			);
			name = InchAppUITests;
			productName = InchAppUITests;
			productReference = F0747C001EC9767B00352737 /* InchAppUITests.xctest */;
			productType = "com.apple.product-type.bundle.ui-testing";
		};
/* End PBXNativeTarget section */

/* Begin PBXProject section */
		F0747BD41EC9767A00352737 /* Project object */ = {
			isa = PBXProject;
			attributes = {
				LastUpgradeCheck = 0830;
				ORGANIZATIONNAME = Inch;
				TargetAttributes = {
					F0747BDB1EC9767A00352737 = {
						CreatedOnToolsVersion = 8.3.2;
						DevelopmentTeam = CPLDU9MXMR;
						ProvisioningStyle = Automatic;
					};
					F0747BF41EC9767B00352737 = {
						CreatedOnToolsVersion = 8.3.2;
						ProvisioningStyle = Automatic;
						TestTargetID = F0747BDB1EC9767A00352737;
					};
					F0747BFF1EC9767B00352737 = {
						CreatedOnToolsVersion = 8.3.2;
						ProvisioningStyle = Automatic;
						TestTargetID = F0747BDB1EC9767A00352737;
					};
				};
			};
			buildConfigurationList = F0747BD71EC9767A00352737 /* Build configuration list for PBXProject "InchApp" */;
			compatibilityVersion = "Xcode 3.2";
			developmentRegion = English;
			hasScannedForEncodings = 0;
			knownRegions = (
				en,
				Base,
			);
			mainGroup = F0747BD31EC9767A00352737;
			productRefGroup = F0747BDD1EC9767A00352737 /* Products */;
			projectDirPath = "";
			projectRoot = "";
			targets = (
				F0747BDB1EC9767A00352737 /* InchApp */,
				F0747BF41EC9767B00352737 /* InchAppTests */,
				F0747BFF1EC9767B00352737 /* InchAppUITests */,
			);
		};
/* End PBXProject section */

/* Begin PBXResourcesBuildPhase section */
		F0747BDA1EC9767A00352737 /* Resources */ = {
			isa = PBXResourcesBuildPhase;
			buildActionMask = 2147483647;
			files = (
				F0747BEF1EC9767B00352737 /* LaunchScreen.storyboard in Resources */,
				F0747BEC1EC9767B00352737 /* Assets.xcassets in Resources */,
				F0747BEA1EC9767B00352737 /* Main.storyboard in Resources */,
			);
			runOnlyForDeploymentPostprocessing = 0;
		};
		F0747BF31EC9767B00352737 /* Resources */ = {
			isa = PBXResourcesBuildPhase;
			buildActionMask = 2147483647;
			files = (
			);
			runOnlyForDeploymentPostprocessing = 0;
		};
		F0747BFE1EC9767B00352737 /* Resources */ = {
			isa = PBXResourcesBuildPhase;
			buildActionMask = 2147483647;
			files = (
			);
			runOnlyForDeploymentPostprocessing = 0;
		};
/* End PBXResourcesBuildPhase section */

/* Begin PBXSourcesBuildPhase section */
		F0747BD81EC9767A00352737 /* Sources */ = {
			isa = PBXSourcesBuildPhase;
			buildActionMask = 2147483647;
			files = (
				F08A3CD21ECA95F6005284B7 /* DevListViewController.m in Sources */,
				F0747BE71EC9767B00352737 /* ViewController.m in Sources */,
				F0747BE41EC9767B00352737 /* AppDelegate.m in Sources */,
				F08A3CD51ECACE73005284B7 /* BleUnconectViewController.m in Sources */,
				F0747BE11EC9767B00352737 /* main.m in Sources */,
			);
			runOnlyForDeploymentPostprocessing = 0;
		};
		F0747BF11EC9767B00352737 /* Sources */ = {
			isa = PBXSourcesBuildPhase;
			buildActionMask = 2147483647;
			files = (
				F0747BFA1EC9767B00352737 /* InchAppTests.m in Sources */,
			);
			runOnlyForDeploymentPostprocessing = 0;
		};
		F0747BFC1EC9767B00352737 /* Sources */ = {
			isa = PBXSourcesBuildPhase;
			buildActionMask = 2147483647;
			files = (
				F0747C051EC9767B00352737 /* InchAppUITests.m in Sources */,
			);
			runOnlyForDeploymentPostprocessing = 0;
		};
/* End PBXSourcesBuildPhase section */

/* Begin PBXTargetDependency section */
		F0747BF71EC9767B00352737 /* PBXTargetDependency */ = {
			isa = PBXTargetDependency;
			target = F0747BDB1EC9767A00352737 /* InchApp */;
			targetProxy = F0747BF61EC9767B00352737 /* PBXContainerItemProxy */;
		};
		F0747C021EC9767B00352737 /* PBXTargetDependency */ = {
			isa = PBXTargetDependency;
			target = F0747BDB1EC9767A00352737 /* InchApp */;
			targetProxy = F0747C011EC9767B00352737 /* PBXContainerItemProxy */;
		};
/* End PBXTargetDependency section */

/* Begin PBXVariantGroup section */
		F0747BE81EC9767B00352737 /* Main.storyboard */ = {
			isa = PBXVariantGroup;
			children = (
				F0747BE91EC9767B00352737 /* Base */,
			);
			name = Main.storyboard;
			sourceTree = "<group>";
		};
		F0747BED1EC9767B00352737 /* LaunchScreen.storyboard */ = {
			isa = PBXVariantGroup;
			children = (
				F0747BEE1EC9767B00352737 /* Base */,
			);
			name = LaunchScreen.storyboard;
			sourceTree = "<group>";
		};
/* End PBXVariantGroup section */

/* Begin XCBuildConfiguration section */
		F0747C071EC9767B00352737 /* Debug */ = {
			isa = XCBuildConfiguration;
			buildSettings = {
				ALWAYS_SEARCH_USER_PATHS = NO;
				CLANG_ANALYZER_NONNULL = YES;
				CLANG_ANALYZER_NUMBER_OBJECT_CONVERSION = YES_AGGRESSIVE;
				CLANG_CXX_LANGUAGE_STANDARD = "gnu++0x";
				CLANG_CXX_LIBRARY = "libc++";
				CLANG_ENABLE_MODULES = YES;
				CLANG_ENABLE_OBJC_ARC = YES;
				CLANG_WARN_BOOL_CONVERSION = YES;
				CLANG_WARN_CONSTANT_CONVERSION = YES;
				CLANG_WARN_DIRECT_OBJC_ISA_USAGE = YES_ERROR;
				CLANG_WARN_DOCUMENTATION_COMMENTS = YES;
				CLANG_WARN_EMPTY_BODY = YES;
				CLANG_WARN_ENUM_CONVERSION = YES;
				CLANG_WARN_INFINITE_RECURSION = YES;
				CLANG_WARN_INT_CONVERSION = YES;
				CLANG_WARN_OBJC_ROOT_CLASS = YES_ERROR;
				CLANG_WARN_SUSPICIOUS_MOVE = YES;
				CLANG_WARN_UNREACHABLE_CODE = YES;
				CLANG_WARN__DUPLICATE_METHOD_MATCH = YES;
				"CODE_SIGN_IDENTITY[sdk=iphoneos*]" = "iPhone Developer";
				COPY_PHASE_STRIP = NO;
				DEBUG_INFORMATION_FORMAT = dwarf;
				ENABLE_STRICT_OBJC_MSGSEND = YES;
				ENABLE_TESTABILITY = YES;
				GCC_C_LANGUAGE_STANDARD = gnu99;
				GCC_DYNAMIC_NO_PIC = NO;
				GCC_NO_COMMON_BLOCKS = YES;
				GCC_OPTIMIZATION_LEVEL = 0;
				GCC_PREPROCESSOR_DEFINITIONS = (
					"DEBUG=1",
					"$(inherited)",
				);
				GCC_WARN_64_TO_32_BIT_CONVERSION = YES;
				GCC_WARN_ABOUT_RETURN_TYPE = YES_ERROR;
				GCC_WARN_UNDECLARED_SELECTOR = YES;
				GCC_WARN_UNINITIALIZED_AUTOS = YES_AGGRESSIVE;
				GCC_WARN_UNUSED_FUNCTION = YES;
				GCC_WARN_UNUSED_VARIABLE = YES;
				IPHONEOS_DEPLOYMENT_TARGET = 10.3;
				MTL_ENABLE_DEBUG_INFO = YES;
				ONLY_ACTIVE_ARCH = YES;
				SDKROOT = iphoneos;
				TARGETED_DEVICE_FAMILY = "1,2";
			};
			name = Debug;
		};
		F0747C081EC9767B00352737 /* Release */ = {
			isa = XCBuildConfiguration;
			buildSettings = {
				ALWAYS_SEARCH_USER_PATHS = NO;
				CLANG_ANALYZER_NONNULL = YES;
				CLANG_ANALYZER_NUMBER_OBJECT_CONVERSION = YES_AGGRESSIVE;
				CLANG_CXX_LANGUAGE_STANDARD = "gnu++0x";
				CLANG_CXX_LIBRARY = "libc++";
				CLANG_ENABLE_MODULES = YES;
				CLANG_ENABLE_OBJC_ARC = YES;
				CLANG_WARN_BOOL_CONVERSION = YES;
				CLANG_WARN_CONSTANT_CONVERSION = YES;
				CLANG_WARN_DIRECT_OBJC_ISA_USAGE = YES_ERROR;
				CLANG_WARN_DOCUMENTATION_COMMENTS = YES;
				CLANG_WARN_EMPTY_BODY = YES;
				CLANG_WARN_ENUM_CONVERSION = YES;
				CLANG_WARN_INFINITE_RECURSION = YES;
				CLANG_WARN_INT_CONVERSION = YES;
				CLANG_WARN_OBJC_ROOT_CLASS = YES_ERROR;
				CLANG_WARN_SUSPICIOUS_MOVE = YES;
				CLANG_WARN_UNREACHABLE_CODE = YES;
				CLANG_WARN__DUPLICATE_METHOD_MATCH = YES;
				"CODE_SIGN_IDENTITY[sdk=iphoneos*]" = "iPhone Developer";
				COPY_PHASE_STRIP = NO;
				DEBUG_INFORMATION_FORMAT = "dwarf-with-dsym";
				ENABLE_NS_ASSERTIONS = NO;
				ENABLE_STRICT_OBJC_MSGSEND = YES;
				GCC_C_LANGUAGE_STANDARD = gnu99;
				GCC_NO_COMMON_BLOCKS = YES;
				GCC_WARN_64_TO_32_BIT_CONVERSION = YES;
				GCC_WARN_ABOUT_RETURN_TYPE = YES_ERROR;
				GCC_WARN_UNDECLARED_SELECTOR = YES;
				GCC_WARN_UNINITIALIZED_AUTOS = YES_AGGRESSIVE;
				GCC_WARN_UNUSED_FUNCTION = YES;
				GCC_WARN_UNUSED_VARIABLE = YES;
				IPHONEOS_DEPLOYMENT_TARGET = 10.3;
				MTL_ENABLE_DEBUG_INFO = NO;
				SDKROOT = iphoneos;
				TARGETED_DEVICE_FAMILY = "1,2";
				VALIDATE_PRODUCT = YES;
			};
			name = Release;
		};
		F0747C0A1EC9767B00352737 /* Debug */ = {
			isa = XCBuildConfiguration;
			buildSettings = {
				ASSETCATALOG_COMPILER_APPICON_NAME = AppIcon;
				DEVELOPMENT_TEAM = CPLDU9MXMR;
				INFOPLIST_FILE = InchApp/Info.plist;
				LD_RUNPATH_SEARCH_PATHS = "$(inherited) @executable_path/Frameworks";
				PRODUCT_BUNDLE_IDENTIFIER = Inch.InchApp;
				PRODUCT_NAME = "$(TARGET_NAME)";
			};
			name = Debug;
		};
		F0747C0B1EC9767B00352737 /* Release */ = {
			isa = XCBuildConfiguration;
			buildSettings = {
				ASSETCATALOG_COMPILER_APPICON_NAME = AppIcon;
				DEVELOPMENT_TEAM = CPLDU9MXMR;
				INFOPLIST_FILE = InchApp/Info.plist;
				LD_RUNPATH_SEARCH_PATHS = "$(inherited) @executable_path/Frameworks";
				PRODUCT_BUNDLE_IDENTIFIER = Inch.InchApp;
				PRODUCT_NAME = "$(TARGET_NAME)";
			};
			name = Release;
		};
		F0747C0D1EC9767B00352737 /* Debug */ = {
			isa = XCBuildConfiguration;
			buildSettings = {
				BUNDLE_LOADER = "$(TEST_HOST)";
				INFOPLIST_FILE = InchAppTests/Info.plist;
				LD_RUNPATH_SEARCH_PATHS = "$(inherited) @executable_path/Frameworks @loader_path/Frameworks";
				PRODUCT_BUNDLE_IDENTIFIER = Inch.InchAppTests;
				PRODUCT_NAME = "$(TARGET_NAME)";
				TEST_HOST = "$(BUILT_PRODUCTS_DIR)/InchApp.app/InchApp";
			};
			name = Debug;
		};
		F0747C0E1EC9767B00352737 /* Release */ = {
			isa = XCBuildConfiguration;
			buildSettings = {
				BUNDLE_LOADER = "$(TEST_HOST)";
				INFOPLIST_FILE = InchAppTests/Info.plist;
				LD_RUNPATH_SEARCH_PATHS = "$(inherited) @executable_path/Frameworks @loader_path/Frameworks";
				PRODUCT_BUNDLE_IDENTIFIER = Inch.InchAppTests;
				PRODUCT_NAME = "$(TARGET_NAME)";
				TEST_HOST = "$(BUILT_PRODUCTS_DIR)/InchApp.app/InchApp";
			};
			name = Release;
		};
		F0747C101EC9767B00352737 /* Debug */ = {
			isa = XCBuildConfiguration;
			buildSettings = {
				INFOPLIST_FILE = InchAppUITests/Info.plist;
				LD_RUNPATH_SEARCH_PATHS = "$(inherited) @executable_path/Frameworks @loader_path/Frameworks";
				PRODUCT_BUNDLE_IDENTIFIER = Inch.InchAppUITests;
				PRODUCT_NAME = "$(TARGET_NAME)";
				TEST_TARGET_NAME = InchApp;
			};
			name = Debug;
		};
		F0747C111EC9767B00352737 /* Release */ = {
			isa = XCBuildConfiguration;
			buildSettings = {
				INFOPLIST_FILE = InchAppUITests/Info.plist;
				LD_RUNPATH_SEARCH_PATHS = "$(inherited) @executable_path/Frameworks @loader_path/Frameworks";
				PRODUCT_BUNDLE_IDENTIFIER = Inch.InchAppUITests;
				PRODUCT_NAME = "$(TARGET_NAME)";
				TEST_TARGET_NAME = InchApp;
			};
			name = Release;
		};
/* End XCBuildConfiguration section */

/* Begin XCConfigurationList section */
		F0747BD71EC9767A00352737 /* Build configuration list for PBXProject "InchApp" */ = {
			isa = XCConfigurationList;
			buildConfigurations = (
				F0747C071EC9767B00352737 /* Debug */,
				F0747C081EC9767B00352737 /* Release */,
			);
			defaultConfigurationIsVisible = 0;
			defaultConfigurationName = Release;
		};
		F0747C091EC9767B00352737 /* Build configuration list for PBXNativeTarget "InchApp" */ = {
			isa = XCConfigurationList;
			buildConfigurations = (
				F0747C0A1EC9767B00352737 /* Debug */,
				F0747C0B1EC9767B00352737 /* Release */,
			);
			defaultConfigurationIsVisible = 0;
			defaultConfigurationName = Release;
		};
		F0747C0C1EC9767B00352737 /* Build configuration list for PBXNativeTarget "InchAppTests" */ = {
			isa = XCConfigurationList;
			buildConfigurations = (
				F0747C0D1EC9767B00352737 /* Debug */,
				F0747C0E1EC9767B00352737 /* Release */,
			);
			defaultConfigurationIsVisible = 0;
			defaultConfigurationName = Release;
		};
		F0747C0F1EC9767B00352737 /* Build configuration list for PBXNativeTarget "InchAppUITests" */ = {
			isa = XCConfigurationList;
			buildConfigurations = (
				F0747C101EC9767B00352737 /* Debug */,
				F0747C111EC9767B00352737 /* Release */,
			);
			defaultConfigurationIsVisible = 0;
			defaultConfigurationName = Release;
		};
/* End XCConfigurationList section */
	};
	rootObject = F0747BD41EC9767A00352737 /* Project object */;
}
